// !$*UTF8*$!
{
	archiveVersion = 1;
	classes = {
	};
	objectVersion = 56;
	objects = {

/* Begin PBXBuildFile section */
		4841086D2A8F0C1C0092A4AE /* SwiftUILearn0App.swift in Sources */ = {isa = PBXBuildFile; fileRef = 4841086C2A8F0C1C0092A4AE /* SwiftUILearn0App.swift */; };
		4841086F2A8F0C1C0092A4AE /* ContentView.swift in Sources */ = {isa = PBXBuildFile; fileRef = 4841086E2A8F0C1C0092A4AE /* ContentView.swift */; };
		484108712A8F0C1D0092A4AE /* Assets.xcassets in Resources */ = {isa = PBXBuildFile; fileRef = 484108702A8F0C1D0092A4AE /* Assets.xcassets */; };
		484108742A8F0C1D0092A4AE /* Preview Assets.xcassets in Resources */ = {isa = PBXBuildFile; fileRef = 484108732A8F0C1D0092A4AE /* Preview Assets.xcassets */; };
		4841087E2A8F0C1D0092A4AE /* SwiftUILearn0Tests.swift in Sources */ = {isa = PBXBuildFile; fileRef = 4841087D2A8F0C1D0092A4AE /* SwiftUILearn0Tests.swift */; };
		484108882A8F0C1D0092A4AE /* SwiftUILearn0UITests.swift in Sources */ = {isa = PBXBuildFile; fileRef = 484108872A8F0C1D0092A4AE /* SwiftUILearn0UITests.swift */; };
		4841088A2A8F0C1D0092A4AE /* SwiftUILearn0UITestsLaunchTests.swift in Sources */ = {isa = PBXBuildFile; fileRef = 484108892A8F0C1D0092A4AE /* SwiftUILearn0UITestsLaunchTests.swift */; };
		484108972A8F3E280092A4AE /* CircleImage.swift in Sources */ = {isa = PBXBuildFile; fileRef = 484108962A8F3E280092A4AE /* CircleImage.swift */; };
		484108992A8F405F0092A4AE /* MapView.swift in Sources */ = {isa = PBXBuildFile; fileRef = 484108982A8F405F0092A4AE /* MapView.swift */; };
		4841089B2A8F45880092A4AE /* landmarkData.json in Resources */ = {isa = PBXBuildFile; fileRef = 4841089A2A8F45880092A4AE /* landmarkData.json */; };
		4841089D2A8F45E60092A4AE /* Landmark.swift in Sources */ = {isa = PBXBuildFile; fileRef = 4841089C2A8F45E60092A4AE /* Landmark.swift */; };
		4841089F2A8F48140092A4AE /* ModelData.swift in Sources */ = {isa = PBXBuildFile; fileRef = 4841089E2A8F48140092A4AE /* ModelData.swift */; };
		484108A42A8F4A030092A4AE /* LandmarkRow.swift in Sources */ = {isa = PBXBuildFile; fileRef = 484108A32A8F4A030092A4AE /* LandmarkRow.swift */; };
		484108A62A8F4FD40092A4AE /* LandmarkList.swift in Sources */ = {isa = PBXBuildFile; fileRef = 484108A52A8F4FD40092A4AE /* LandmarkList.swift */; };
		484108A82A8F527E0092A4AE /* LandmarkDetail.swift in Sources */ = {isa = PBXBuildFile; fileRef = 484108A72A8F527E0092A4AE /* LandmarkDetail.swift */; };
		484108AA2A8F6A470092A4AE /* FavoriteButton.swift in Sources */ = {isa = PBXBuildFile; fileRef = 484108A92A8F6A470092A4AE /* FavoriteButton.swift */; };
		484108AC2A92FA980092A4AE /* HexagonParameters.swift in Sources */ = {isa = PBXBuildFile; fileRef = 484108AB2A92FA980092A4AE /* HexagonParameters.swift */; };
		484108AE2A92FB9E0092A4AE /* BadgeBackground.swift in Sources */ = {isa = PBXBuildFile; fileRef = 484108AD2A92FB9E0092A4AE /* BadgeBackground.swift */; };
		484108B02A932FE40092A4AE /* BadgeSymbol.swift in Sources */ = {isa = PBXBuildFile; fileRef = 484108AF2A932FE40092A4AE /* BadgeSymbol.swift */; };
		484108B22A9330CB0092A4AE /* RotatedBadgeSymbol.swift in Sources */ = {isa = PBXBuildFile; fileRef = 484108B12A9330CB0092A4AE /* RotatedBadgeSymbol.swift */; };
		484108B42A9331900092A4AE /* Badge.swift in Sources */ = {isa = PBXBuildFile; fileRef = 484108B32A9331900092A4AE /* Badge.swift */; };
		484108B82A933A980092A4AE /* hikeData.json in Resources */ = {isa = PBXBuildFile; fileRef = 484108B72A933A980092A4AE /* hikeData.json */; };
		484108BA2A933AD10092A4AE /* Hike.swift in Sources */ = {isa = PBXBuildFile; fileRef = 484108B92A933AD10092A4AE /* Hike.swift */; };
		484108C22A933CBA0092A4AE /* GraphCapsule.swift in Sources */ = {isa = PBXBuildFile; fileRef = 484108BE2A933CBA0092A4AE /* GraphCapsule.swift */; };
		484108C32A933CBA0092A4AE /* HikeGraph.swift in Sources */ = {isa = PBXBuildFile; fileRef = 484108BF2A933CBA0092A4AE /* HikeGraph.swift */; };
		484108C42A933CBA0092A4AE /* HikeDetail.swift in Sources */ = {isa = PBXBuildFile; fileRef = 484108C02A933CBA0092A4AE /* HikeDetail.swift */; };
		484108C52A933CBA0092A4AE /* HikeView.swift in Sources */ = {isa = PBXBuildFile; fileRef = 484108C12A933CBA0092A4AE /* HikeView.swift */; };
		484108C82A934AE20092A4AE /* CategoryHome.swift in Sources */ = {isa = PBXBuildFile; fileRef = 484108C72A934AE20092A4AE /* CategoryHome.swift */; };
		484108CA2A934E670092A4AE /* CategoryRow.swift in Sources */ = {isa = PBXBuildFile; fileRef = 484108C92A934E670092A4AE /* CategoryRow.swift */; };
		484108CC2A9351EC0092A4AE /* CategoryItem.swift in Sources */ = {isa = PBXBuildFile; fileRef = 484108CB2A9351EC0092A4AE /* CategoryItem.swift */; };
		484108CE2A935EBA0092A4AE /* Profile.swift in Sources */ = {isa = PBXBuildFile; fileRef = 484108CD2A935EBA0092A4AE /* Profile.swift */; };
		484108D12A935F0C0092A4AE /* ProfileHost.swift in Sources */ = {isa = PBXBuildFile; fileRef = 484108D02A935F0C0092A4AE /* ProfileHost.swift */; };
		484108D32A9360200092A4AE /* ProfileSummary.swift in Sources */ = {isa = PBXBuildFile; fileRef = 484108D22A9360200092A4AE /* ProfileSummary.swift */; };
		484108D62A9361940092A4AE /* HikeBadge.swift in Sources */ = {isa = PBXBuildFile; fileRef = 484108D52A9361940092A4AE /* HikeBadge.swift */; };
		484108D82A936F480092A4AE /* ProfileEditor.swift in Sources */ = {isa = PBXBuildFile; fileRef = 484108D72A936F480092A4AE /* ProfileEditor.swift */; };
		484108DB2A9441E70092A4AE /* PageViewController.swift in Sources */ = {isa = PBXBuildFile; fileRef = 484108DA2A9441E70092A4AE /* PageViewController.swift */; };
		484108DD2A9446980092A4AE /* FeatureCard.swift in Sources */ = {isa = PBXBuildFile; fileRef = 484108DC2A9446980092A4AE /* FeatureCard.swift */; };
		484108DF2A944A490092A4AE /* PageView.swift in Sources */ = {isa = PBXBuildFile; fileRef = 484108DE2A944A490092A4AE /* PageView.swift */; };
		484108E12A945AD30092A4AE /* PageControl.swift in Sources */ = {isa = PBXBuildFile; fileRef = 484108E02A945AD30092A4AE /* PageControl.swift */; };
		484108E32A948E3E0092A4AE /* DemoView.swift in Sources */ = {isa = PBXBuildFile; fileRef = 484108E22A948E3E0092A4AE /* DemoView.swift */; };
		484108E52A95D34D0092A4AE /* CombineLL.swift in Sources */ = {isa = PBXBuildFile; fileRef = 484108E42A95D34D0092A4AE /* CombineLL.swift */; };
		484108E72A96E6E40092A4AE /* DemoView1.swift in Sources */ = {isa = PBXBuildFile; fileRef = 484108E62A96E6E40092A4AE /* DemoView1.swift */; };
		484108E92A9701CA0092A4AE /* DemoView2.swift in Sources */ = {isa = PBXBuildFile; fileRef = 484108E82A9701CA0092A4AE /* DemoView2.swift */; };
		484108EB2A9701D50092A4AE /* DemoView3.swift in Sources */ = {isa = PBXBuildFile; fileRef = 484108EA2A9701D50092A4AE /* DemoView3.swift */; };
		484108ED2A97026F0092A4AE /* NavigationPathManager.swift in Sources */ = {isa = PBXBuildFile; fileRef = 484108EC2A97026F0092A4AE /* NavigationPathManager.swift */; };
		484108EF2A9838EA0092A4AE /* SwiftUIDemo.swift in Sources */ = {isa = PBXBuildFile; fileRef = 484108EE2A9838EA0092A4AE /* SwiftUIDemo.swift */; };
		484108F22A9898E10092A4AE /* DemoView4.swift in Sources */ = {isa = PBXBuildFile; fileRef = 484108F12A9898E10092A4AE /* DemoView4.swift */; };
		486C5BA62A9C2CCF00669C48 /* DemoView5.swift in Sources */ = {isa = PBXBuildFile; fileRef = 486C5BA52A9C2CCF00669C48 /* DemoView5.swift */; };
		486C5BA82A9C72E800669C48 /* DemoView6.swift in Sources */ = {isa = PBXBuildFile; fileRef = 486C5BA72A9C72E800669C48 /* DemoView6.swift */; };
/* End PBXBuildFile section */

/* Begin PBXContainerItemProxy section */
		4841087A2A8F0C1D0092A4AE /* PBXContainerItemProxy */ = {
			isa = PBXContainerItemProxy;
			containerPortal = 484108612A8F0C1C0092A4AE /* Project object */;
			proxyType = 1;
			remoteGlobalIDString = 484108682A8F0C1C0092A4AE;
			remoteInfo = SwiftUILearn0;
		};
		484108842A8F0C1D0092A4AE /* PBXContainerItemProxy */ = {
			isa = PBXContainerItemProxy;
			containerPortal = 484108612A8F0C1C0092A4AE /* Project object */;
			proxyType = 1;
			remoteGlobalIDString = 484108682A8F0C1C0092A4AE;
			remoteInfo = SwiftUILearn0;
		};
/* End PBXContainerItemProxy section */

/* Begin PBXFileReference section */
		484108692A8F0C1C0092A4AE /* SwiftUILearn0.app */ = {isa = PBXFileReference; explicitFileType = wrapper.application; includeInIndex = 0; path = SwiftUILearn0.app; sourceTree = BUILT_PRODUCTS_DIR; };
		4841086C2A8F0C1C0092A4AE /* SwiftUILearn0App.swift */ = {isa = PBXFileReference; lastKnownFileType = sourcecode.swift; path = SwiftUILearn0App.swift; sourceTree = "<group>"; };
		4841086E2A8F0C1C0092A4AE /* ContentView.swift */ = {isa = PBXFileReference; lastKnownFileType = sourcecode.swift; path = ContentView.swift; sourceTree = "<group>"; };
		484108702A8F0C1D0092A4AE /* Assets.xcassets */ = {isa = PBXFileReference; lastKnownFileType = folder.assetcatalog; path = Assets.xcassets; sourceTree = "<group>"; };
		484108732A8F0C1D0092A4AE /* Preview Assets.xcassets */ = {isa = PBXFileReference; lastKnownFileType = folder.assetcatalog; path = "Preview Assets.xcassets"; sourceTree = "<group>"; };
		484108792A8F0C1D0092A4AE /* SwiftUILearn0Tests.xctest */ = {isa = PBXFileReference; explicitFileType = wrapper.cfbundle; includeInIndex = 0; path = SwiftUILearn0Tests.xctest; sourceTree = BUILT_PRODUCTS_DIR; };
		4841087D2A8F0C1D0092A4AE /* SwiftUILearn0Tests.swift */ = {isa = PBXFileReference; lastKnownFileType = sourcecode.swift; path = SwiftUILearn0Tests.swift; sourceTree = "<group>"; };
		484108832A8F0C1D0092A4AE /* SwiftUILearn0UITests.xctest */ = {isa = PBXFileReference; explicitFileType = wrapper.cfbundle; includeInIndex = 0; path = SwiftUILearn0UITests.xctest; sourceTree = BUILT_PRODUCTS_DIR; };
		484108872A8F0C1D0092A4AE /* SwiftUILearn0UITests.swift */ = {isa = PBXFileReference; lastKnownFileType = sourcecode.swift; path = SwiftUILearn0UITests.swift; sourceTree = "<group>"; };
		484108892A8F0C1D0092A4AE /* SwiftUILearn0UITestsLaunchTests.swift */ = {isa = PBXFileReference; lastKnownFileType = sourcecode.swift; path = SwiftUILearn0UITestsLaunchTests.swift; sourceTree = "<group>"; };
		484108962A8F3E280092A4AE /* CircleImage.swift */ = {isa = PBXFileReference; lastKnownFileType = sourcecode.swift; path = CircleImage.swift; sourceTree = "<group>"; };
		484108982A8F405F0092A4AE /* MapView.swift */ = {isa = PBXFileReference; lastKnownFileType = sourcecode.swift; path = MapView.swift; sourceTree = "<group>"; };
		4841089A2A8F45880092A4AE /* landmarkData.json */ = {isa = PBXFileReference; fileEncoding = 4; lastKnownFileType = text.json; path = landmarkData.json; sourceTree = "<group>"; };
		4841089C2A8F45E60092A4AE /* Landmark.swift */ = {isa = PBXFileReference; lastKnownFileType = sourcecode.swift; path = Landmark.swift; sourceTree = "<group>"; };
		4841089E2A8F48140092A4AE /* ModelData.swift */ = {isa = PBXFileReference; lastKnownFileType = sourcecode.swift; path = ModelData.swift; sourceTree = "<group>"; };
		484108A32A8F4A030092A4AE /* LandmarkRow.swift */ = {isa = PBXFileReference; lastKnownFileType = sourcecode.swift; path = LandmarkRow.swift; sourceTree = "<group>"; };
		484108A52A8F4FD40092A4AE /* LandmarkList.swift */ = {isa = PBXFileReference; lastKnownFileType = sourcecode.swift; path = LandmarkList.swift; sourceTree = "<group>"; };
		484108A72A8F527E0092A4AE /* LandmarkDetail.swift */ = {isa = PBXFileReference; lastKnownFileType = sourcecode.swift; path = LandmarkDetail.swift; sourceTree = "<group>"; };
		484108A92A8F6A470092A4AE /* FavoriteButton.swift */ = {isa = PBXFileReference; lastKnownFileType = sourcecode.swift; path = FavoriteButton.swift; sourceTree = "<group>"; };
		484108AB2A92FA980092A4AE /* HexagonParameters.swift */ = {isa = PBXFileReference; lastKnownFileType = sourcecode.swift; path = HexagonParameters.swift; sourceTree = "<group>"; };
		484108AD2A92FB9E0092A4AE /* BadgeBackground.swift */ = {isa = PBXFileReference; lastKnownFileType = sourcecode.swift; path = BadgeBackground.swift; sourceTree = "<group>"; };
		484108AF2A932FE40092A4AE /* BadgeSymbol.swift */ = {isa = PBXFileReference; lastKnownFileType = sourcecode.swift; path = BadgeSymbol.swift; sourceTree = "<group>"; };
		484108B12A9330CB0092A4AE /* RotatedBadgeSymbol.swift */ = {isa = PBXFileReference; lastKnownFileType = sourcecode.swift; path = RotatedBadgeSymbol.swift; sourceTree = "<group>"; };
		484108B32A9331900092A4AE /* Badge.swift */ = {isa = PBXFileReference; lastKnownFileType = sourcecode.swift; path = Badge.swift; sourceTree = "<group>"; };
		484108B72A933A980092A4AE /* hikeData.json */ = {isa = PBXFileReference; fileEncoding = 4; lastKnownFileType = text.json; path = hikeData.json; sourceTree = "<group>"; };
		484108B92A933AD10092A4AE /* Hike.swift */ = {isa = PBXFileReference; lastKnownFileType = sourcecode.swift; path = Hike.swift; sourceTree = "<group>"; };
		484108BE2A933CBA0092A4AE /* GraphCapsule.swift */ = {isa = PBXFileReference; fileEncoding = 4; lastKnownFileType = sourcecode.swift; path = GraphCapsule.swift; sourceTree = "<group>"; };
		484108BF2A933CBA0092A4AE /* HikeGraph.swift */ = {isa = PBXFileReference; fileEncoding = 4; lastKnownFileType = sourcecode.swift; path = HikeGraph.swift; sourceTree = "<group>"; };
		484108C02A933CBA0092A4AE /* HikeDetail.swift */ = {isa = PBXFileReference; fileEncoding = 4; lastKnownFileType = sourcecode.swift; path = HikeDetail.swift; sourceTree = "<group>"; };
		484108C12A933CBA0092A4AE /* HikeView.swift */ = {isa = PBXFileReference; fileEncoding = 4; lastKnownFileType = sourcecode.swift; path = HikeView.swift; sourceTree = "<group>"; };
		484108C72A934AE20092A4AE /* CategoryHome.swift */ = {isa = PBXFileReference; lastKnownFileType = sourcecode.swift; path = CategoryHome.swift; sourceTree = "<group>"; };
		484108C92A934E670092A4AE /* CategoryRow.swift */ = {isa = PBXFileReference; lastKnownFileType = sourcecode.swift; path = CategoryRow.swift; sourceTree = "<group>"; };
		484108CB2A9351EC0092A4AE /* CategoryItem.swift */ = {isa = PBXFileReference; lastKnownFileType = sourcecode.swift; path = CategoryItem.swift; sourceTree = "<group>"; };
		484108CD2A935EBA0092A4AE /* Profile.swift */ = {isa = PBXFileReference; lastKnownFileType = sourcecode.swift; path = Profile.swift; sourceTree = "<group>"; };
		484108D02A935F0C0092A4AE /* ProfileHost.swift */ = {isa = PBXFileReference; lastKnownFileType = sourcecode.swift; path = ProfileHost.swift; sourceTree = "<group>"; };
		484108D22A9360200092A4AE /* ProfileSummary.swift */ = {isa = PBXFileReference; lastKnownFileType = sourcecode.swift; path = ProfileSummary.swift; sourceTree = "<group>"; };
		484108D52A9361940092A4AE /* HikeBadge.swift */ = {isa = PBXFileReference; lastKnownFileType = sourcecode.swift; path = HikeBadge.swift; sourceTree = "<group>"; };
		484108D72A936F480092A4AE /* ProfileEditor.swift */ = {isa = PBXFileReference; lastKnownFileType = sourcecode.swift; path = ProfileEditor.swift; sourceTree = "<group>"; };
		484108DA2A9441E70092A4AE /* PageViewController.swift */ = {isa = PBXFileReference; lastKnownFileType = sourcecode.swift; path = PageViewController.swift; sourceTree = "<group>"; };
		484108DC2A9446980092A4AE /* FeatureCard.swift */ = {isa = PBXFileReference; lastKnownFileType = sourcecode.swift; path = FeatureCard.swift; sourceTree = "<group>"; };
		484108DE2A944A490092A4AE /* PageView.swift */ = {isa = PBXFileReference; lastKnownFileType = sourcecode.swift; path = PageView.swift; sourceTree = "<group>"; };
		484108E02A945AD30092A4AE /* PageControl.swift */ = {isa = PBXFileReference; lastKnownFileType = sourcecode.swift; path = PageControl.swift; sourceTree = "<group>"; };
		484108E22A948E3E0092A4AE /* DemoView.swift */ = {isa = PBXFileReference; lastKnownFileType = sourcecode.swift; path = DemoView.swift; sourceTree = "<group>"; };
		484108E42A95D34D0092A4AE /* CombineLL.swift */ = {isa = PBXFileReference; lastKnownFileType = sourcecode.swift; path = CombineLL.swift; sourceTree = "<group>"; };
		484108E62A96E6E40092A4AE /* DemoView1.swift */ = {isa = PBXFileReference; lastKnownFileType = sourcecode.swift; path = DemoView1.swift; sourceTree = "<group>"; };
		484108E82A9701CA0092A4AE /* DemoView2.swift */ = {isa = PBXFileReference; lastKnownFileType = sourcecode.swift; path = DemoView2.swift; sourceTree = "<group>"; };
		484108EA2A9701D50092A4AE /* DemoView3.swift */ = {isa = PBXFileReference; lastKnownFileType = sourcecode.swift; path = DemoView3.swift; sourceTree = "<group>"; };
		484108EC2A97026F0092A4AE /* NavigationPathManager.swift */ = {isa = PBXFileReference; lastKnownFileType = sourcecode.swift; path = NavigationPathManager.swift; sourceTree = "<group>"; };
		484108EE2A9838EA0092A4AE /* SwiftUIDemo.swift */ = {isa = PBXFileReference; lastKnownFileType = sourcecode.swift; path = SwiftUIDemo.swift; sourceTree = "<group>"; };
		484108F12A9898E10092A4AE /* DemoView4.swift */ = {isa = PBXFileReference; lastKnownFileType = sourcecode.swift; path = DemoView4.swift; sourceTree = "<group>"; };
		486C5BA52A9C2CCF00669C48 /* DemoView5.swift */ = {isa = PBXFileReference; lastKnownFileType = sourcecode.swift; path = DemoView5.swift; sourceTree = "<group>"; };
		486C5BA72A9C72E800669C48 /* DemoView6.swift */ = {isa = PBXFileReference; lastKnownFileType = sourcecode.swift; path = DemoView6.swift; sourceTree = "<group>"; };
/* End PBXFileReference section */

/* Begin PBXFrameworksBuildPhase section */
		484108662A8F0C1C0092A4AE /* Frameworks */ = {
			isa = PBXFrameworksBuildPhase;
			buildActionMask = 2147483647;
			files = (
			);
			runOnlyForDeploymentPostprocessing = 0;
		};
		484108762A8F0C1D0092A4AE /* Frameworks */ = {
			isa = PBXFrameworksBuildPhase;
			buildActionMask = 2147483647;
			files = (
			);
			runOnlyForDeploymentPostprocessing = 0;
		};
		484108802A8F0C1D0092A4AE /* Frameworks */ = {
			isa = PBXFrameworksBuildPhase;
			buildActionMask = 2147483647;
			files = (
			);
			runOnlyForDeploymentPostprocessing = 0;
		};
/* End PBXFrameworksBuildPhase section */

/* Begin PBXGroup section */
		484108602A8F0C1C0092A4AE = {
			isa = PBXGroup;
			children = (
				4841086B2A8F0C1C0092A4AE /* SwiftUILearn0 */,
				4841087C2A8F0C1D0092A4AE /* SwiftUILearn0Tests */,
				484108862A8F0C1D0092A4AE /* SwiftUILearn0UITests */,
				4841086A2A8F0C1C0092A4AE /* Products */,
			);
			sourceTree = "<group>";
		};
		4841086A2A8F0C1C0092A4AE /* Products */ = {
			isa = PBXGroup;
			children = (
				484108692A8F0C1C0092A4AE /* SwiftUILearn0.app */,
				484108792A8F0C1D0092A4AE /* SwiftUILearn0Tests.xctest */,
				484108832A8F0C1D0092A4AE /* SwiftUILearn0UITests.xctest */,
			);
			name = Products;
			sourceTree = "<group>";
		};
		4841086B2A8F0C1C0092A4AE /* SwiftUILearn0 */ = {
			isa = PBXGroup;
			children = (
				4841086C2A8F0C1C0092A4AE /* SwiftUILearn0App.swift */,
				484108702A8F0C1D0092A4AE /* Assets.xcassets */,
				484108E42A95D34D0092A4AE /* CombineLL.swift */,
				484108C62A934AD10092A4AE /* Categories */,
				484108A02A8F49C70092A4AE /* Views */,
				484108A12A8F49DB0092A4AE /* Models */,
				484108A22A8F49E60092A4AE /* Resources */,
				484108722A8F0C1D0092A4AE /* Preview Content */,
			);
			path = SwiftUILearn0;
			sourceTree = "<group>";
		};
		484108722A8F0C1D0092A4AE /* Preview Content */ = {
			isa = PBXGroup;
			children = (
				484108732A8F0C1D0092A4AE /* Preview Assets.xcassets */,
			);
			path = "Preview Content";
			sourceTree = "<group>";
		};
		4841087C2A8F0C1D0092A4AE /* SwiftUILearn0Tests */ = {
			isa = PBXGroup;
			children = (
				4841087D2A8F0C1D0092A4AE /* SwiftUILearn0Tests.swift */,
			);
			path = SwiftUILearn0Tests;
			sourceTree = "<group>";
		};
		484108862A8F0C1D0092A4AE /* SwiftUILearn0UITests */ = {
			isa = PBXGroup;
			children = (
				484108872A8F0C1D0092A4AE /* SwiftUILearn0UITests.swift */,
				484108892A8F0C1D0092A4AE /* SwiftUILearn0UITestsLaunchTests.swift */,
			);
			path = SwiftUILearn0UITests;
			sourceTree = "<group>";
		};
		484108A02A8F49C70092A4AE /* Views */ = {
			isa = PBXGroup;
			children = (
				4841086E2A8F0C1C0092A4AE /* ContentView.swift */,
				484108F02A9852450092A4AE /* Demo */,
				484108A52A8F4FD40092A4AE /* LandmarkList.swift */,
				484108962A8F3E280092A4AE /* CircleImage.swift */,
				484108982A8F405F0092A4AE /* MapView.swift */,
				484108A92A8F6A470092A4AE /* FavoriteButton.swift */,
				484108A32A8F4A030092A4AE /* LandmarkRow.swift */,
				484108A72A8F527E0092A4AE /* LandmarkDetail.swift */,
				484108D92A9441D60092A4AE /* PageView */,
				484108D42A93617F0092A4AE /* Badge */,
				484108CF2A935EFC0092A4AE /* Profiles  */,
				484108BD2A933CBA0092A4AE /* Hikes */,
			);
			path = Views;
			sourceTree = "<group>";
		};
		484108A12A8F49DB0092A4AE /* Models */ = {
			isa = PBXGroup;
			children = (
				4841089C2A8F45E60092A4AE /* Landmark.swift */,
				4841089E2A8F48140092A4AE /* ModelData.swift */,
				484108AB2A92FA980092A4AE /* HexagonParameters.swift */,
				484108B92A933AD10092A4AE /* Hike.swift */,
				484108CD2A935EBA0092A4AE /* Profile.swift */,
			);
			path = Models;
			sourceTree = "<group>";
		};
		484108A22A8F49E60092A4AE /* Resources */ = {
			isa = PBXGroup;
			children = (
				4841089A2A8F45880092A4AE /* landmarkData.json */,
				484108B72A933A980092A4AE /* hikeData.json */,
			);
			path = Resources;
			sourceTree = "<group>";
		};
		484108BD2A933CBA0092A4AE /* Hikes */ = {
			isa = PBXGroup;
			children = (
				484108BE2A933CBA0092A4AE /* GraphCapsule.swift */,
				484108BF2A933CBA0092A4AE /* HikeGraph.swift */,
				484108C02A933CBA0092A4AE /* HikeDetail.swift */,
				484108C12A933CBA0092A4AE /* HikeView.swift */,
			);
			path = Hikes;
			sourceTree = "<group>";
		};
		484108C62A934AD10092A4AE /* Categories */ = {
			isa = PBXGroup;
			children = (
				484108C72A934AE20092A4AE /* CategoryHome.swift */,
				484108C92A934E670092A4AE /* CategoryRow.swift */,
				484108CB2A9351EC0092A4AE /* CategoryItem.swift */,
			);
			name = Categories;
			sourceTree = "<group>";
		};
		484108CF2A935EFC0092A4AE /* Profiles  */ = {
			isa = PBXGroup;
			children = (
				484108D02A935F0C0092A4AE /* ProfileHost.swift */,
				484108D22A9360200092A4AE /* ProfileSummary.swift */,
				484108D72A936F480092A4AE /* ProfileEditor.swift */,
			);
			path = "Profiles ";
			sourceTree = "<group>";
		};
		484108D42A93617F0092A4AE /* Badge */ = {
			isa = PBXGroup;
			children = (
				484108AF2A932FE40092A4AE /* BadgeSymbol.swift */,
				484108B12A9330CB0092A4AE /* RotatedBadgeSymbol.swift */,
				484108AD2A92FB9E0092A4AE /* BadgeBackground.swift */,
				484108B32A9331900092A4AE /* Badge.swift */,
				484108D52A9361940092A4AE /* HikeBadge.swift */,
			);
			path = Badge;
			sourceTree = "<group>";
		};
		484108D92A9441D60092A4AE /* PageView */ = {
			isa = PBXGroup;
			children = (
				484108DA2A9441E70092A4AE /* PageViewController.swift */,
				484108DC2A9446980092A4AE /* FeatureCard.swift */,
				484108DE2A944A490092A4AE /* PageView.swift */,
				484108E02A945AD30092A4AE /* PageControl.swift */,
			);
			name = PageView;
			sourceTree = "<group>";
		};
		484108F02A9852450092A4AE /* Demo */ = {
			isa = PBXGroup;
			children = (
				484108EC2A97026F0092A4AE /* NavigationPathManager.swift */,
				484108EE2A9838EA0092A4AE /* SwiftUIDemo.swift */,
				484108E22A948E3E0092A4AE /* DemoView.swift */,
				484108E62A96E6E40092A4AE /* DemoView1.swift */,
				484108E82A9701CA0092A4AE /* DemoView2.swift */,
				484108EA2A9701D50092A4AE /* DemoView3.swift */,
				484108F12A9898E10092A4AE /* DemoView4.swift */,
				486C5BA52A9C2CCF00669C48 /* DemoView5.swift */,
				486C5BA72A9C72E800669C48 /* DemoView6.swift */,
			);
			path = Demo;
			sourceTree = "<group>";
		};
/* End PBXGroup section */

/* Begin PBXNativeTarget section */
		484108682A8F0C1C0092A4AE /* SwiftUILearn0 */ = {
			isa = PBXNativeTarget;
			buildConfigurationList = 4841088D2A8F0C1D0092A4AE /* Build configuration list for PBXNativeTarget "SwiftUILearn0" */;
			buildPhases = (
				484108652A8F0C1C0092A4AE /* Sources */,
				484108662A8F0C1C0092A4AE /* Frameworks */,
				484108672A8F0C1C0092A4AE /* Resources */,
			);
			buildRules = (
			);
			dependencies = (
			);
			name = SwiftUILearn0;
			productName = SwiftUILearn0;
			productReference = 484108692A8F0C1C0092A4AE /* SwiftUILearn0.app */;
			productType = "com.apple.product-type.application";
		};
		484108782A8F0C1D0092A4AE /* SwiftUILearn0Tests */ = {
			isa = PBXNativeTarget;
			buildConfigurationList = 484108902A8F0C1D0092A4AE /* Build configuration list for PBXNativeTarget "SwiftUILearn0Tests" */;
			buildPhases = (
				484108752A8F0C1D0092A4AE /* Sources */,
				484108762A8F0C1D0092A4AE /* Frameworks */,
				484108772A8F0C1D0092A4AE /* Resources */,
			);
			buildRules = (
			);
			dependencies = (
				4841087B2A8F0C1D0092A4AE /* PBXTargetDependency */,
			);
			name = SwiftUILearn0Tests;
			productName = SwiftUILearn0Tests;
			productReference = 484108792A8F0C1D0092A4AE /* SwiftUILearn0Tests.xctest */;
			productType = "com.apple.product-type.bundle.unit-test";
		};
		484108822A8F0C1D0092A4AE /* SwiftUILearn0UITests */ = {
			isa = PBXNativeTarget;
			buildConfigurationList = 484108932A8F0C1D0092A4AE /* Build configuration list for PBXNativeTarget "SwiftUILearn0UITests" */;
			buildPhases = (
				4841087F2A8F0C1D0092A4AE /* Sources */,
				484108802A8F0C1D0092A4AE /* Frameworks */,
				484108812A8F0C1D0092A4AE /* Resources */,
			);
			buildRules = (
			);
			dependencies = (
				484108852A8F0C1D0092A4AE /* PBXTargetDependency */,
			);
			name = SwiftUILearn0UITests;
			productName = SwiftUILearn0UITests;
			productReference = 484108832A8F0C1D0092A4AE /* SwiftUILearn0UITests.xctest */;
			productType = "com.apple.product-type.bundle.ui-testing";
		};
/* End PBXNativeTarget section */

/* Begin PBXProject section */
		484108612A8F0C1C0092A4AE /* Project object */ = {
			isa = PBXProject;
			attributes = {
				BuildIndependentTargetsInParallel = 1;
				LastSwiftUpdateCheck = 1430;
				LastUpgradeCheck = 1430;
				TargetAttributes = {
					484108682A8F0C1C0092A4AE = {
						CreatedOnToolsVersion = 14.3.1;
					};
					484108782A8F0C1D0092A4AE = {
						CreatedOnToolsVersion = 14.3.1;
						TestTargetID = 484108682A8F0C1C0092A4AE;
					};
					484108822A8F0C1D0092A4AE = {
						CreatedOnToolsVersion = 14.3.1;
						TestTargetID = 484108682A8F0C1C0092A4AE;
					};
				};
			};
			buildConfigurationList = 484108642A8F0C1C0092A4AE /* Build configuration list for PBXProject "SwiftUILearn0" */;
			compatibilityVersion = "Xcode 14.0";
			developmentRegion = en;
			hasScannedForEncodings = 0;
			knownRegions = (
				en,
				Base,
			);
			mainGroup = 484108602A8F0C1C0092A4AE;
			productRefGroup = 4841086A2A8F0C1C0092A4AE /* Products */;
			projectDirPath = "";
			projectRoot = "";
			targets = (
				484108682A8F0C1C0092A4AE /* SwiftUILearn0 */,
				484108782A8F0C1D0092A4AE /* SwiftUILearn0Tests */,
				484108822A8F0C1D0092A4AE /* SwiftUILearn0UITests */,
			);
		};
/* End PBXProject section */

/* Begin PBXResourcesBuildPhase section */
		484108672A8F0C1C0092A4AE /* Resources */ = {
			isa = PBXResourcesBuildPhase;
			buildActionMask = 2147483647;
			files = (
				484108742A8F0C1D0092A4AE /* Preview Assets.xcassets in Resources */,
				484108712A8F0C1D0092A4AE /* Assets.xcassets in Resources */,
				4841089B2A8F45880092A4AE /* landmarkData.json in Resources */,
				484108B82A933A980092A4AE /* hikeData.json in Resources */,
			);
			runOnlyForDeploymentPostprocessing = 0;
		};
		484108772A8F0C1D0092A4AE /* Resources */ = {
			isa = PBXResourcesBuildPhase;
			buildActionMask = 2147483647;
			files = (
			);
			runOnlyForDeploymentPostprocessing = 0;
		};
		484108812A8F0C1D0092A4AE /* Resources */ = {
			isa = PBXResourcesBuildPhase;
			buildActionMask = 2147483647;
			files = (
			);
			runOnlyForDeploymentPostprocessing = 0;
		};
/* End PBXResourcesBuildPhase section */

/* Begin PBXSourcesBuildPhase section */
		484108652A8F0C1C0092A4AE /* Sources */ = {
			isa = PBXSourcesBuildPhase;
			buildActionMask = 2147483647;
			files = (
				484108EB2A9701D50092A4AE /* DemoView3.swift in Sources */,
				484108CA2A934E670092A4AE /* CategoryRow.swift in Sources */,
				486C5BA82A9C72E800669C48 /* DemoView6.swift in Sources */,
				484108E52A95D34D0092A4AE /* CombineLL.swift in Sources */,
				484108CE2A935EBA0092A4AE /* Profile.swift in Sources */,
				4841086F2A8F0C1C0092A4AE /* ContentView.swift in Sources */,
				484108E92A9701CA0092A4AE /* DemoView2.swift in Sources */,
				484108F22A9898E10092A4AE /* DemoView4.swift in Sources */,
				484108C82A934AE20092A4AE /* CategoryHome.swift in Sources */,
				484108E72A96E6E40092A4AE /* DemoView1.swift in Sources */,
				484108DD2A9446980092A4AE /* FeatureCard.swift in Sources */,
				484108C32A933CBA0092A4AE /* HikeGraph.swift in Sources */,
				484108B42A9331900092A4AE /* Badge.swift in Sources */,
				484108992A8F405F0092A4AE /* MapView.swift in Sources */,
				484108C22A933CBA0092A4AE /* GraphCapsule.swift in Sources */,
				4841086D2A8F0C1C0092A4AE /* SwiftUILearn0App.swift in Sources */,
				484108E12A945AD30092A4AE /* PageControl.swift in Sources */,
				484108AA2A8F6A470092A4AE /* FavoriteButton.swift in Sources */,
				484108CC2A9351EC0092A4AE /* CategoryItem.swift in Sources */,
				484108C42A933CBA0092A4AE /* HikeDetail.swift in Sources */,
				484108D32A9360200092A4AE /* ProfileSummary.swift in Sources */,
				484108AC2A92FA980092A4AE /* HexagonParameters.swift in Sources */,
				484108D12A935F0C0092A4AE /* ProfileHost.swift in Sources */,
				484108BA2A933AD10092A4AE /* Hike.swift in Sources */,
				484108B22A9330CB0092A4AE /* RotatedBadgeSymbol.swift in Sources */,
				484108DF2A944A490092A4AE /* PageView.swift in Sources */,
				486C5BA62A9C2CCF00669C48 /* DemoView5.swift in Sources */,
				484108B02A932FE40092A4AE /* BadgeSymbol.swift in Sources */,
				484108D82A936F480092A4AE /* ProfileEditor.swift in Sources */,
				484108ED2A97026F0092A4AE /* NavigationPathManager.swift in Sources */,
				484108A62A8F4FD40092A4AE /* LandmarkList.swift in Sources */,
				484108C52A933CBA0092A4AE /* HikeView.swift in Sources */,
				484108A82A8F527E0092A4AE /* LandmarkDetail.swift in Sources */,
				484108DB2A9441E70092A4AE /* PageViewController.swift in Sources */,
				484108AE2A92FB9E0092A4AE /* BadgeBackground.swift in Sources */,
				484108EF2A9838EA0092A4AE /* SwiftUIDemo.swift in Sources */,
				484108D62A9361940092A4AE /* HikeBadge.swift in Sources */,
				484108972A8F3E280092A4AE /* CircleImage.swift in Sources */,
				4841089D2A8F45E60092A4AE /* Landmark.swift in Sources */,
				484108A42A8F4A030092A4AE /* LandmarkRow.swift in Sources */,
				484108E32A948E3E0092A4AE /* DemoView.swift in Sources */,
				4841089F2A8F48140092A4AE /* ModelData.swift in Sources */,
			);
			runOnlyForDeploymentPostprocessing = 0;
		};
		484108752A8F0C1D0092A4AE /* Sources */ = {
			isa = PBXSourcesBuildPhase;
			buildActionMask = 2147483647;
			files = (
				4841087E2A8F0C1D0092A4AE /* SwiftUILearn0Tests.swift in Sources */,
			);
			runOnlyForDeploymentPostprocessing = 0;
		};
		4841087F2A8F0C1D0092A4AE /* Sources */ = {
			isa = PBXSourcesBuildPhase;
			buildActionMask = 2147483647;
			files = (
				4841088A2A8F0C1D0092A4AE /* SwiftUILearn0UITestsLaunchTests.swift in Sources */,
				484108882A8F0C1D0092A4AE /* SwiftUILearn0UITests.swift in Sources */,
			);
			runOnlyForDeploymentPostprocessing = 0;
		};
/* End PBXSourcesBuildPhase section */

/* Begin PBXTargetDependency section */
		4841087B2A8F0C1D0092A4AE /* PBXTargetDependency */ = {
			isa = PBXTargetDependency;
			target = 484108682A8F0C1C0092A4AE /* SwiftUILearn0 */;
			targetProxy = 4841087A2A8F0C1D0092A4AE /* PBXContainerItemProxy */;
		};
		484108852A8F0C1D0092A4AE /* PBXTargetDependency */ = {
			isa = PBXTargetDependency;
			target = 484108682A8F0C1C0092A4AE /* SwiftUILearn0 */;
			targetProxy = 484108842A8F0C1D0092A4AE /* PBXContainerItemProxy */;
		};
/* End PBXTargetDependency section */

/* Begin XCBuildConfiguration section */
		4841088B2A8F0C1D0092A4AE /* Debug */ = {
			isa = XCBuildConfiguration;
			buildSettings = {
				ALWAYS_SEARCH_USER_PATHS = NO;
				CLANG_ANALYZER_NONNULL = YES;
				CLANG_ANALYZER_NUMBER_OBJECT_CONVERSION = YES_AGGRESSIVE;
				CLANG_CXX_LANGUAGE_STANDARD = "gnu++20";
				CLANG_ENABLE_MODULES = YES;
				CLANG_ENABLE_OBJC_ARC = YES;
				CLANG_ENABLE_OBJC_WEAK = YES;
				CLANG_WARN_BLOCK_CAPTURE_AUTORELEASING = YES;
				CLANG_WARN_BOOL_CONVERSION = YES;
				CLANG_WARN_COMMA = YES;
				CLANG_WARN_CONSTANT_CONVERSION = YES;
				CLANG_WARN_DEPRECATED_OBJC_IMPLEMENTATIONS = YES;
				CLANG_WARN_DIRECT_OBJC_ISA_USAGE = YES_ERROR;
				CLANG_WARN_DOCUMENTATION_COMMENTS = YES;
				CLANG_WARN_EMPTY_BODY = YES;
				CLANG_WARN_ENUM_CONVERSION = YES;
				CLANG_WARN_INFINITE_RECURSION = YES;
				CLANG_WARN_INT_CONVERSION = YES;
				CLANG_WARN_NON_LITERAL_NULL_CONVERSION = YES;
				CLANG_WARN_OBJC_IMPLICIT_RETAIN_SELF = YES;
				CLANG_WARN_OBJC_LITERAL_CONVERSION = YES;
				CLANG_WARN_OBJC_ROOT_CLASS = YES_ERROR;
				CLANG_WARN_QUOTED_INCLUDE_IN_FRAMEWORK_HEADER = YES;
				CLANG_WARN_RANGE_LOOP_ANALYSIS = YES;
				CLANG_WARN_STRICT_PROTOTYPES = YES;
				CLANG_WARN_SUSPICIOUS_MOVE = YES;
				CLANG_WARN_UNGUARDED_AVAILABILITY = YES_AGGRESSIVE;
				CLANG_WARN_UNREACHABLE_CODE = YES;
				CLANG_WARN__DUPLICATE_METHOD_MATCH = YES;
				COPY_PHASE_STRIP = NO;
				DEBUG_INFORMATION_FORMAT = dwarf;
				ENABLE_STRICT_OBJC_MSGSEND = YES;
				ENABLE_TESTABILITY = YES;
				GCC_C_LANGUAGE_STANDARD = gnu11;
				GCC_DYNAMIC_NO_PIC = NO;
				GCC_NO_COMMON_BLOCKS = YES;
				GCC_OPTIMIZATION_LEVEL = 0;
				GCC_PREPROCESSOR_DEFINITIONS = (
					"DEBUG=1",
					"$(inherited)",
				);
				GCC_WARN_64_TO_32_BIT_CONVERSION = YES;
				GCC_WARN_ABOUT_RETURN_TYPE = YES_ERROR;
				GCC_WARN_UNDECLARED_SELECTOR = YES;
				GCC_WARN_UNINITIALIZED_AUTOS = YES_AGGRESSIVE;
				GCC_WARN_UNUSED_FUNCTION = YES;
				GCC_WARN_UNUSED_VARIABLE = YES;
				IPHONEOS_DEPLOYMENT_TARGET = 16.4;
				MTL_ENABLE_DEBUG_INFO = INCLUDE_SOURCE;
				MTL_FAST_MATH = YES;
				ONLY_ACTIVE_ARCH = YES;
				SDKROOT = iphoneos;
				SWIFT_ACTIVE_COMPILATION_CONDITIONS = DEBUG;
				SWIFT_OPTIMIZATION_LEVEL = "-Onone";
			};
			name = Debug;
		};
		4841088C2A8F0C1D0092A4AE /* Release */ = {
			isa = XCBuildConfiguration;
			buildSettings = {
				ALWAYS_SEARCH_USER_PATHS = NO;
				CLANG_ANALYZER_NONNULL = YES;
				CLANG_ANALYZER_NUMBER_OBJECT_CONVERSION = YES_AGGRESSIVE;
				CLANG_CXX_LANGUAGE_STANDARD = "gnu++20";
				CLANG_ENABLE_MODULES = YES;
				CLANG_ENABLE_OBJC_ARC = YES;
				CLANG_ENABLE_OBJC_WEAK = YES;
				CLANG_WARN_BLOCK_CAPTURE_AUTORELEASING = YES;
				CLANG_WARN_BOOL_CONVERSION = YES;
				CLANG_WARN_COMMA = YES;
				CLANG_WARN_CONSTANT_CONVERSION = YES;
				CLANG_WARN_DEPRECATED_OBJC_IMPLEMENTATIONS = YES;
				CLANG_WARN_DIRECT_OBJC_ISA_USAGE = YES_ERROR;
				CLANG_WARN_DOCUMENTATION_COMMENTS = YES;
				CLANG_WARN_EMPTY_BODY = YES;
				CLANG_WARN_ENUM_CONVERSION = YES;
				CLANG_WARN_INFINITE_RECURSION = YES;
				CLANG_WARN_INT_CONVERSION = YES;
				CLANG_WARN_NON_LITERAL_NULL_CONVERSION = YES;
				CLANG_WARN_OBJC_IMPLICIT_RETAIN_SELF = YES;
				CLANG_WARN_OBJC_LITERAL_CONVERSION = YES;
				CLANG_WARN_OBJC_ROOT_CLASS = YES_ERROR;
				CLANG_WARN_QUOTED_INCLUDE_IN_FRAMEWORK_HEADER = YES;
				CLANG_WARN_RANGE_LOOP_ANALYSIS = YES;
				CLANG_WARN_STRICT_PROTOTYPES = YES;
				CLANG_WARN_SUSPICIOUS_MOVE = YES;
				CLANG_WARN_UNGUARDED_AVAILABILITY = YES_AGGRESSIVE;
				CLANG_WARN_UNREACHABLE_CODE = YES;
				CLANG_WARN__DUPLICATE_METHOD_MATCH = YES;
				COPY_PHASE_STRIP = NO;
				DEBUG_INFORMATION_FORMAT = "dwarf-with-dsym";
				ENABLE_NS_ASSERTIONS = NO;
				ENABLE_STRICT_OBJC_MSGSEND = YES;
				GCC_C_LANGUAGE_STANDARD = gnu11;
				GCC_NO_COMMON_BLOCKS = YES;
				GCC_WARN_64_TO_32_BIT_CONVERSION = YES;
				GCC_WARN_ABOUT_RETURN_TYPE = YES_ERROR;
				GCC_WARN_UNDECLARED_SELECTOR = YES;
				GCC_WARN_UNINITIALIZED_AUTOS = YES_AGGRESSIVE;
				GCC_WARN_UNUSED_FUNCTION = YES;
				GCC_WARN_UNUSED_VARIABLE = YES;
				IPHONEOS_DEPLOYMENT_TARGET = 16.4;
				MTL_ENABLE_DEBUG_INFO = NO;
				MTL_FAST_MATH = YES;
				SDKROOT = iphoneos;
				SWIFT_COMPILATION_MODE = wholemodule;
				SWIFT_OPTIMIZATION_LEVEL = "-O";
				VALIDATE_PRODUCT = YES;
			};
			name = Release;
		};
		4841088E2A8F0C1D0092A4AE /* Debug */ = {
			isa = XCBuildConfiguration;
			buildSettings = {
				ASSETCATALOG_COMPILER_APPICON_NAME = AppIcon;
				ASSETCATALOG_COMPILER_GLOBAL_ACCENT_COLOR_NAME = AccentColor;
				CODE_SIGN_STYLE = Automatic;
				CURRENT_PROJECT_VERSION = 1;
				DEVELOPMENT_ASSET_PATHS = "\"SwiftUILearn0/Preview Content\"";
				ENABLE_PREVIEWS = YES;
				GENERATE_INFOPLIST_FILE = YES;
				INFOPLIST_KEY_UIApplicationSceneManifest_Generation = YES;
				INFOPLIST_KEY_UIApplicationSupportsIndirectInputEvents = YES;
				INFOPLIST_KEY_UILaunchScreen_Generation = YES;
				INFOPLIST_KEY_UISupportedInterfaceOrientations_iPad = "UIInterfaceOrientationPortrait UIInterfaceOrientationPortraitUpsideDown UIInterfaceOrientationLandscapeLeft UIInterfaceOrientationLandscapeRight";
				INFOPLIST_KEY_UISupportedInterfaceOrientations_iPhone = "UIInterfaceOrientationPortrait UIInterfaceOrientationLandscapeLeft UIInterfaceOrientationLandscapeRight";
				LD_RUNPATH_SEARCH_PATHS = (
					"$(inherited)",
					"@executable_path/Frameworks",
				);
				MARKETING_VERSION = 1.0;
				PRODUCT_BUNDLE_IDENTIFIER = "com.mike.huang.-SwiftUILearn0.SwiftUILearn0";
				PRODUCT_NAME = "$(TARGET_NAME)";
				SWIFT_EMIT_LOC_STRINGS = YES;
				SWIFT_VERSION = 5.0;
				TARGETED_DEVICE_FAMILY = "1,2";
			};
			name = Debug;
		};
		4841088F2A8F0C1D0092A4AE /* Release */ = {
			isa = XCBuildConfiguration;
			buildSettings = {
				ASSETCATALOG_COMPILER_APPICON_NAME = AppIcon;
				ASSETCATALOG_COMPILER_GLOBAL_ACCENT_COLOR_NAME = AccentColor;
				CODE_SIGN_STYLE = Automatic;
				CURRENT_PROJECT_VERSION = 1;
				DEVELOPMENT_ASSET_PATHS = "\"SwiftUILearn0/Preview Content\"";
				ENABLE_PREVIEWS = YES;
				GENERATE_INFOPLIST_FILE = YES;
				INFOPLIST_KEY_UIApplicationSceneManifest_Generation = YES;
				INFOPLIST_KEY_UIApplicationSupportsIndirectInputEvents = YES;
				INFOPLIST_KEY_UILaunchScreen_Generation = YES;
				INFOPLIST_KEY_UISupportedInterfaceOrientations_iPad = "UIInterfaceOrientationPortrait UIInterfaceOrientationPortraitUpsideDown UIInterfaceOrientationLandscapeLeft UIInterfaceOrientationLandscapeRight";
				INFOPLIST_KEY_UISupportedInterfaceOrientations_iPhone = "UIInterfaceOrientationPortrait UIInterfaceOrientationLandscapeLeft UIInterfaceOrientationLandscapeRight";
				LD_RUNPATH_SEARCH_PATHS = (
					"$(inherited)",
					"@executable_path/Frameworks",
				);
				MARKETING_VERSION = 1.0;
				PRODUCT_BUNDLE_IDENTIFIER = "com.mike.huang.-SwiftUILearn0.SwiftUILearn0";
				PRODUCT_NAME = "$(TARGET_NAME)";
				SWIFT_EMIT_LOC_STRINGS = YES;
				SWIFT_VERSION = 5.0;
				TARGETED_DEVICE_FAMILY = "1,2";
			};
			name = Release;
		};
		484108912A8F0C1D0092A4AE /* Debug */ = {
			isa = XCBuildConfiguration;
			buildSettings = {
				ALWAYS_EMBED_SWIFT_STANDARD_LIBRARIES = YES;
				BUNDLE_LOADER = "$(TEST_HOST)";
				CODE_SIGN_STYLE = Automatic;
				CURRENT_PROJECT_VERSION = 1;
				GENERATE_INFOPLIST_FILE = YES;
				IPHONEOS_DEPLOYMENT_TARGET = 16.4;
				MARKETING_VERSION = 1.0;
				PRODUCT_BUNDLE_IDENTIFIER = "com.mike.huang.-SwiftUILearn0.SwiftUILearn0Tests";
				PRODUCT_NAME = "$(TARGET_NAME)";
				SWIFT_EMIT_LOC_STRINGS = NO;
				SWIFT_VERSION = 5.0;
				TARGETED_DEVICE_FAMILY = "1,2";
				TEST_HOST = "$(BUILT_PRODUCTS_DIR)/SwiftUILearn0.app/$(BUNDLE_EXECUTABLE_FOLDER_PATH)/SwiftUILearn0";
			};
			name = Debug;
		};
		484108922A8F0C1D0092A4AE /* Release */ = {
			isa = XCBuildConfiguration;
			buildSettings = {
				ALWAYS_EMBED_SWIFT_STANDARD_LIBRARIES = YES;
				BUNDLE_LOADER = "$(TEST_HOST)";
				CODE_SIGN_STYLE = Automatic;
				CURRENT_PROJECT_VERSION = 1;
				GENERATE_INFOPLIST_FILE = YES;
				IPHONEOS_DEPLOYMENT_TARGET = 16.4;
				MARKETING_VERSION = 1.0;
				PRODUCT_BUNDLE_IDENTIFIER = "com.mike.huang.-SwiftUILearn0.SwiftUILearn0Tests";
				PRODUCT_NAME = "$(TARGET_NAME)";
				SWIFT_EMIT_LOC_STRINGS = NO;
				SWIFT_VERSION = 5.0;
				TARGETED_DEVICE_FAMILY = "1,2";
				TEST_HOST = "$(BUILT_PRODUCTS_DIR)/SwiftUILearn0.app/$(BUNDLE_EXECUTABLE_FOLDER_PATH)/SwiftUILearn0";
			};
			name = Release;
		};
		484108942A8F0C1D0092A4AE /* Debug */ = {
			isa = XCBuildConfiguration;
			buildSettings = {
				ALWAYS_EMBED_SWIFT_STANDARD_LIBRARIES = YES;
				CODE_SIGN_STYLE = Automatic;
				CURRENT_PROJECT_VERSION = 1;
				GENERATE_INFOPLIST_FILE = YES;
				MARKETING_VERSION = 1.0;
				PRODUCT_BUNDLE_IDENTIFIER = "com.mike.huang.-SwiftUILearn0.SwiftUILearn0UITests";
				PRODUCT_NAME = "$(TARGET_NAME)";
				SWIFT_EMIT_LOC_STRINGS = NO;
				SWIFT_VERSION = 5.0;
				TARGETED_DEVICE_FAMILY = "1,2";
				TEST_TARGET_NAME = SwiftUILearn0;
			};
			name = Debug;
		};
		484108952A8F0C1D0092A4AE /* Release */ = {
			isa = XCBuildConfiguration;
			buildSettings = {
				ALWAYS_EMBED_SWIFT_STANDARD_LIBRARIES = YES;
				CODE_SIGN_STYLE = Automatic;
				CURRENT_PROJECT_VERSION = 1;
				GENERATE_INFOPLIST_FILE = YES;
				MARKETING_VERSION = 1.0;
				PRODUCT_BUNDLE_IDENTIFIER = "com.mike.huang.-SwiftUILearn0.SwiftUILearn0UITests";
				PRODUCT_NAME = "$(TARGET_NAME)";
				SWIFT_EMIT_LOC_STRINGS = NO;
				SWIFT_VERSION = 5.0;
				TARGETED_DEVICE_FAMILY = "1,2";
				TEST_TARGET_NAME = SwiftUILearn0;
			};
			name = Release;
		};
/* End XCBuildConfiguration section */

/* Begin XCConfigurationList section */
		484108642A8F0C1C0092A4AE /* Build configuration list for PBXProject "SwiftUILearn0" */ = {
			isa = XCConfigurationList;
			buildConfigurations = (
				4841088B2A8F0C1D0092A4AE /* Debug */,
				4841088C2A8F0C1D0092A4AE /* Release */,
			);
			defaultConfigurationIsVisible = 0;
			defaultConfigurationName = Release;
		};
		4841088D2A8F0C1D0092A4AE /* Build configuration list for PBXNativeTarget "SwiftUILearn0" */ = {
			isa = XCConfigurationList;
			buildConfigurations = (
				4841088E2A8F0C1D0092A4AE /* Debug */,
				4841088F2A8F0C1D0092A4AE /* Release */,
			);
			defaultConfigurationIsVisible = 0;
			defaultConfigurationName = Release;
		};
		484108902A8F0C1D0092A4AE /* Build configuration list for PBXNativeTarget "SwiftUILearn0Tests" */ = {
			isa = XCConfigurationList;
			buildConfigurations = (
				484108912A8F0C1D0092A4AE /* Debug */,
				484108922A8F0C1D0092A4AE /* Release */,
			);
			defaultConfigurationIsVisible = 0;
			defaultConfigurationName = Release;
		};
		484108932A8F0C1D0092A4AE /* Build configuration list for PBXNativeTarget "SwiftUILearn0UITests" */ = {
			isa = XCConfigurationList;
			buildConfigurations = (
				484108942A8F0C1D0092A4AE /* Debug */,
				484108952A8F0C1D0092A4AE /* Release */,
			);
			defaultConfigurationIsVisible = 0;
			defaultConfigurationName = Release;
		};
/* End XCConfigurationList section */
	};
	rootObject = 484108612A8F0C1C0092A4AE /* Project object */;
}
